// !$*UTF8*$!
{
	archiveVersion = 1;
	classes = {
	};
	objectVersion = 46;
	objects = {

/* Begin PBXBuildFile section */
		99A229B21EDA1996007C4532 /* AppDelegate.swift in Sources */ = {isa = PBXBuildFile; fileRef = 99A229B11EDA1996007C4532 /* AppDelegate.swift */; };
		99A229B41EDA1996007C4532 /* ViewController.swift in Sources */ = {isa = PBXBuildFile; fileRef = 99A229B31EDA1996007C4532 /* ViewController.swift */; };
		99A229B71EDA1996007C4532 /* Main.storyboard in Resources */ = {isa = PBXBuildFile; fileRef = 99A229B51EDA1996007C4532 /* Main.storyboard */; };
		99A229B91EDA1996007C4532 /* Assets.xcassets in Resources */ = {isa = PBXBuildFile; fileRef = 99A229B81EDA1996007C4532 /* Assets.xcassets */; };
		99A229BC1EDA1996007C4532 /* LaunchScreen.storyboard in Resources */ = {isa = PBXBuildFile; fileRef = 99A229BA1EDA1996007C4532 /* LaunchScreen.storyboard */; };
/* End PBXBuildFile section */

/* Begin PBXFileReference section */
		99A229AE1EDA1996007C4532 /* SDKtest.app */ = {isa = PBXFileReference; explicitFileType = wrapper.application; includeInIndex = 0; path = SDKtest.app; sourceTree = BUILT_PRODUCTS_DIR; };
		99A229B11EDA1996007C4532 /* AppDelegate.swift */ = {isa = PBXFileReference; lastKnownFileType = sourcecode.swift; path = AppDelegate.swift; sourceTree = "<group>"; };
		99A229B31EDA1996007C4532 /* ViewController.swift */ = {isa = PBXFileReference; lastKnownFileType = sourcecode.swift; path = ViewController.swift; sourceTree = "<group>"; };
		99A229B61EDA1996007C4532 /* Base */ = {isa = PBXFileReference; lastKnownFileType = file.storyboard; name = Base; path = Base.lproj/Main.storyboard; sourceTree = "<group>"; };
		99A229B81EDA1996007C4532 /* Assets.xcassets */ = {isa = PBXFileReference; lastKnownFileType = folder.assetcatalog; path = Assets.xcassets; sourceTree = "<group>"; };
		99A229BB1EDA1996007C4532 /* Base */ = {isa = PBXFileReference; lastKnownFileType = file.storyboard; name = Base; path = Base.lproj/LaunchScreen.storyboard; sourceTree = "<group>"; };
		99A229BD1EDA1996007C4532 /* Info.plist */ = {isa = PBXFileReference; lastKnownFileType = text.plist.xml; path = Info.plist; sourceTree = "<group>"; };
/* End PBXFileReference section */

/* Begin PBXFrameworksBuildPhase section */
		99A229AB1EDA1996007C4532 /* Frameworks */ = {
			isa = PBXFrameworksBuildPhase;
			buildActionMask = 2147483647;
			files = (
			);
			runOnlyForDeploymentPostprocessing = 0;
		};
/* End PBXFrameworksBuildPhase section */

/* Begin PBXGroup section */
		99A229A51EDA1996007C4532 = {
			isa = PBXGroup;
			children = (
				99A229B01EDA1996007C4532 /* SDKtest */,
				99A229AF1EDA1996007C4532 /* Products */,
			);
			sourceTree = "<group>";
		};
		99A229AF1EDA1996007C4532 /* Products */ = {
			isa = PBXGroup;
			children = (
				99A229AE1EDA1996007C4532 /* SDKtest.app */,
			);
			name = Products;
			sourceTree = "<group>";
		};
		99A229B01EDA1996007C4532 /* SDKtest */ = {
			isa = PBXGroup;
			children = (
				99A229B11EDA1996007C4532 /* AppDelegate.swift */,
				99A229B31EDA1996007C4532 /* ViewController.swift */,
				99A229B51EDA1996007C4532 /* Main.storyboard */,
				99A229B81EDA1996007C4532 /* Assets.xcassets */,
				99A229BA1EDA1996007C4532 /* LaunchScreen.storyboard */,
				99A229BD1EDA1996007C4532 /* Info.plist */,
			);
			path = SDKtest;
			sourceTree = "<group>";
		};
/* End PBXGroup section */

/* Begin PBXNativeTarget section */
		99A229AD1EDA1996007C4532 /* SDKtest */ = {
			isa = PBXNativeTarget;
			buildConfigurationList = 99A229C01EDA1996007C4532 /* Build configuration list for PBXNativeTarget "SDKtest" */;
			buildPhases = (
				99A229AA1EDA1996007C4532 /* Sources */,
				99A229AB1EDA1996007C4532 /* Frameworks */,
				99A229AC1EDA1996007C4532 /* Resources */,
			);
			buildRules = (
			);
			dependencies = (
			);
			name = SDKtest;
			productName = SDKtest;
			productReference = 99A229AE1EDA1996007C4532 /* SDKtest.app */;
			productType = "com.apple.product-type.application";
		};
/* End PBXNativeTarget section */

/* Begin PBXProject section */
		99A229A61EDA1996007C4532 /* Project object */ = {
			isa = PBXProject;
			attributes = {
				LastSwiftUpdateCheck = 0830;
				LastUpgradeCheck = 0830;
				ORGANIZATIONNAME = 3vts;
				TargetAttributes = {
					99A229AD1EDA1996007C4532 = {
						CreatedOnToolsVersion = 8.3.2;
						DevelopmentTeam = HN76A6WF5Z;
						ProvisioningStyle = Automatic;
					};
				};
			};
			buildConfigurationList = 99A229A91EDA1996007C4532 /* Build configuration list for PBXProject "SDKtest" */;
			compatibilityVersion = "Xcode 3.2";
			developmentRegion = English;
			hasScannedForEncodings = 0;
			knownRegions = (
				en,
				Base,
			);
			mainGroup = 99A229A51EDA1996007C4532;
			productRefGroup = 99A229AF1EDA1996007C4532 /* Products */;
			projectDirPath = "";
			projectRoot = "";
			targets = (
				99A229AD1EDA1996007C4532 /* SDKtest */,
			);
		};
/* End PBXProject section */

/* Begin PBXResourcesBuildPhase section */
		99A229AC1EDA1996007C4532 /* Resources */ = {
			isa = PBXResourcesBuildPhase;
			buildActionMask = 2147483647;
			files = (
				99A229BC1EDA1996007C4532 /* LaunchScreen.storyboard in Resources */,
				99A229B91EDA1996007C4532 /* Assets.xcassets in Resources */,
				99A229B71EDA1996007C4532 /* Main.storyboard in Resources */,
			);
			runOnlyForDeploymentPostprocessing = 0;
		};
/* End PBXResourcesBuildPhase section */

/* Begin PBXSourcesBuildPhase section */
		99A229AA1EDA1996007C4532 /* Sources */ = {
			isa = PBXSourcesBuildPhase;
			buildActionMask = 2147483647;
			files = (
				99A229B41EDA1996007C4532 /* ViewController.swift in Sources */,
				99A229B21EDA1996007C4532 /* AppDelegate.swift in Sources */,
			);
			runOnlyForDeploymentPostprocessing = 0;
		};
/* End PBXSourcesBuildPhase section */

/* Begin PBXVariantGroup section */
		99A229B51EDA1996007C4532 /* Main.storyboard */ = {
			isa = PBXVariantGroup;
			children = (
				99A229B61EDA1996007C4532 /* Base */,
			);
			name = Main.storyboard;
			sourceTree = "<group>";
		};
		99A229BA1EDA1996007C4532 /* LaunchScreen.storyboard */ = {
			isa = PBXVariantGroup;
			children = (
				99A229BB1EDA1996007C4532 /* Base */,
			);
			name = LaunchScreen.storyboard;
			sourceTree = "<group>";
		};
/* End PBXVariantGroup section */

/* Begin XCBuildConfiguration section */
		99A229BE1EDA1996007C4532 /* Debug */ = {
			isa = XCBuildConfiguration;
			buildSettings = {
				ALWAYS_SEARCH_USER_PATHS = NO;
				CLANG_ANALYZER_NONNULL = YES;
				CLANG_ANALYZER_NUMBER_OBJECT_CONVERSION = YES_AGGRESSIVE;
				CLANG_CXX_LANGUAGE_STANDARD = "gnu++0x";
				CLANG_CXX_LIBRARY = "libc++";
				CLANG_ENABLE_MODULES = YES;
				CLANG_ENABLE_OBJC_ARC = YES;
				CLANG_WARN_BOOL_CONVERSION = YES;
				CLANG_WARN_CONSTANT_CONVERSION = YES;
				CLANG_WARN_DIRECT_OBJC_ISA_USAGE = YES_ERROR;
				CLANG_WARN_DOCUMENTATION_COMMENTS = YES;
				CLANG_WARN_EMPTY_BODY = YES;
				CLANG_WARN_ENUM_CONVERSION = YES;
				CLANG_WARN_INFINITE_RECURSION = YES;
				CLANG_WARN_INT_CONVERSION = YES;
				CLANG_WARN_OBJC_ROOT_CLASS = YES_ERROR;
				CLANG_WARN_SUSPICIOUS_MOVE = YES;
				CLANG_WARN_UNREACHABLE_CODE = YES;
				CLANG_WARN__DUPLICATE_METHOD_MATCH = YES;
				"CODE_SIGN_IDENTITY[sdk=iphoneos*]" = "iPhone Developer";
				COPY_PHASE_STRIP = NO;
				DEBUG_INFORMATION_FORMAT = dwarf;
				ENABLE_STRICT_OBJC_MSGSEND = YES;
				ENABLE_TESTABILITY = YES;
				GCC_C_LANGUAGE_STANDARD = gnu99;
				GCC_DYNAMIC_NO_PIC = NO;
				GCC_NO_COMMON_BLOCKS = YES;
				GCC_OPTIMIZATION_LEVEL = 0;
				GCC_PREPROCESSOR_DEFINITIONS = (
					"DEBUG=1",
					"$(inherited)",
				);
				GCC_WARN_64_TO_32_BIT_CONVERSION = YES;
				GCC_WARN_ABOUT_RETURN_TYPE = YES_ERROR;
				GCC_WARN_UNDECLARED_SELECTOR = YES;
				GCC_WARN_UNINITIALIZED_AUTOS = YES_AGGRESSIVE;
				GCC_WARN_UNUSED_FUNCTION = YES;
				GCC_WARN_UNUSED_VARIABLE = YES;
				IPHONEOS_DEPLOYMENT_TARGET = 10.3;
				MTL_ENABLE_DEBUG_INFO = YES;
				ONLY_ACTIVE_ARCH = YES;
				SDKROOT = iphoneos;
				SWIFT_ACTIVE_COMPILATION_CONDITIONS = DEBUG;
				SWIFT_OPTIMIZATION_LEVEL = "-Onone";
				TARGETED_DEVICE_FAMILY = "1,2";
			};
			name = Debug;
		};
		99A229BF1EDA1996007C4532 /* Release */ = {
			isa = XCBuildConfiguration;
			buildSettings = {
				ALWAYS_SEARCH_USER_PATHS = NO;
				CLANG_ANALYZER_NONNULL = YES;
				CLANG_ANALYZER_NUMBER_OBJECT_CONVERSION = YES_AGGRESSIVE;
				CLANG_CXX_LANGUAGE_STANDARD = "gnu++0x";
				CLANG_CXX_LIBRARY = "libc++";
				CLANG_ENABLE_MODULES = YES;
				CLANG_ENABLE_OBJC_ARC = YES;
				CLANG_WARN_BOOL_CONVERSION = YES;
				CLANG_WARN_CONSTANT_CONVERSION = YES;
				CLANG_WARN_DIRECT_OBJC_ISA_USAGE = YES_ERROR;
				CLANG_WARN_DOCUMENTATION_COMMENTS = YES;
				CLANG_WARN_EMPTY_BODY = YES;
				CLANG_WARN_ENUM_CONVERSION = YES;
				CLANG_WARN_INFINITE_RECURSION = YES;
				CLANG_WARN_INT_CONVERSION = YES;
				CLANG_WARN_OBJC_ROOT_CLASS = YES_ERROR;
				CLANG_WARN_SUSPICIOUS_MOVE = YES;
				CLANG_WARN_UNREACHABLE_CODE = YES;
				CLANG_WARN__DUPLICATE_METHOD_MATCH = YES;
				"CODE_SIGN_IDENTITY[sdk=iphoneos*]" = "iPhone Developer";
				COPY_PHASE_STRIP = NO;
				DEBUG_INFORMATION_FORMAT = "dwarf-with-dsym";
				ENABLE_NS_ASSERTIONS = NO;
				ENABLE_STRICT_OBJC_MSGSEND = YES;
				GCC_C_LANGUAGE_STANDARD = gnu99;
				GCC_NO_COMMON_BLOCKS = YES;
				GCC_WARN_64_TO_32_BIT_CONVERSION = YES;
				GCC_WARN_ABOUT_RETURN_TYPE = YES_ERROR;
				GCC_WARN_UNDECLARED_SELECTOR = YES;
				GCC_WARN_UNINITIALIZED_AUTOS = YES_AGGRESSIVE;
				GCC_WARN_UNUSED_FUNCTION = YES;
				GCC_WARN_UNUSED_VARIABLE = YES;
				IPHONEOS_DEPLOYMENT_TARGET = 10.3;
				MTL_ENABLE_DEBUG_INFO = NO;
				SDKROOT = iphoneos;
				SWIFT_OPTIMIZATION_LEVEL = "-Owholemodule";
				TARGETED_DEVICE_FAMILY = "1,2";
				VALIDATE_PRODUCT = YES;
			};
			name = Release;
		};
		99A229C11EDA1996007C4532 /* Debug */ = {
			isa = XCBuildConfiguration;
			buildSettings = {
				ASSETCATALOG_COMPILER_APPICON_NAME = AppIcon;
				DEVELOPMENT_TEAM = HN76A6WF5Z;
				INFOPLIST_FILE = SDKtest/Info.plist;
				LD_RUNPATH_SEARCH_PATHS = "$(inherited) @executable_path/Frameworks";
				PRODUCT_BUNDLE_IDENTIFIER = com.3vts.SDKtest;
				PRODUCT_NAME = "$(TARGET_NAME)";
				SWIFT_VERSION = 3.0;
			};
			name = Debug;
		};
		99A229C21EDA1996007C4532 /* Release */ = {
			isa = XCBuildConfiguration;
			buildSettings = {
				ASSETCATALOG_COMPILER_APPICON_NAME = AppIcon;
				DEVELOPMENT_TEAM = HN76A6WF5Z;
				INFOPLIST_FILE = SDKtest/Info.plist;
				LD_RUNPATH_SEARCH_PATHS = "$(inherited) @executable_path/Frameworks";
				PRODUCT_BUNDLE_IDENTIFIER = com.3vts.SDKtest;
				PRODUCT_NAME = "$(TARGET_NAME)";
				SWIFT_VERSION = 3.0;
			};
			name = Release;
		};
/* End XCBuildConfiguration section */

/* Begin XCConfigurationList section */
		99A229A91EDA1996007C4532 /* Build configuration list for PBXProject "SDKtest" */ = {
			isa = XCConfigurationList;
			buildConfigurations = (
				99A229BE1EDA1996007C4532 /* Debug */,
				99A229BF1EDA1996007C4532 /* Release */,
			);
			defaultConfigurationIsVisible = 0;
			defaultConfigurationName = Release;
		};
		99A229C01EDA1996007C4532 /* Build configuration list for PBXNativeTarget "SDKtest" */ = {
			isa = XCConfigurationList;
			buildConfigurations = (
				99A229C11EDA1996007C4532 /* Debug */,
				99A229C21EDA1996007C4532 /* Release */,
			);
			defaultConfigurationIsVisible = 0;
		};
/* End XCConfigurationList section */
	};
	rootObject = 99A229A61EDA1996007C4532 /* Project object */;
}
